
Microsoft Visual Studio Solution File, Format Version 12.00
# Visual Studio Version 17
VisualStudioVersion = 17.1.32210.238
MinimumVisualStudioVersion = 10.0.40219.1
Project("{FAE04EC0-301F-11D3-BF4B-00C04F79EFBC}") = "EmployeePayrollOpr", "EmployeePayrollOpr.csproj", "{2256A37F-BDB9-45B3-921A-CB894B9FAFBE}"
EndProject
Global
	GlobalSection(SolutionConfigurationPlatforms) = preSolution
		Debug|Any CPU = Debug|Any CPU
		Release|Any CPU = Release|Any CPU
	EndGlobalSection
	GlobalSection(ProjectConfigurationPlatforms) = postSolution
		{2256A37F-BDB9-45B3-921A-CB894B9FAFBE}.Debug|Any CPU.ActiveCfg = Debug|Any CPU
		{2256A37F-BDB9-45B3-921A-CB894B9FAFBE}.Debug|Any CPU.Build.0 = Debug|Any CPU
		{2256A37F-BDB9-45B3-921A-CB894B9FAFBE}.Release|Any CPU.ActiveCfg = Release|Any CPU
		{2256A37F-BDB9-45B3-921A-CB894B9FAFBE}.Release|Any CPU.Build.0 = Release|Any CPU
	EndGlobalSection
	GlobalSection(SolutionProperties) = preSolution
		HideSolutionNode = FALSE
	EndGlobalSection
	GlobalSection(ExtensibilityGlobals) = postSolution
		SolutionGuid = {D910D335-CB39-44A8-9D98-1D0C2C07AE32}
	EndGlobalSection
EndGlobal
